
Microsoft Visual Studio Solution File, Format Version 12.00
# Visual Studio Version 17
VisualStudioVersion = 17.0.31903.59
MinimumVisualStudioVersion = 10.0.40219.1
Project("{FAE04EC0-301F-11D3-BF4B-00C04F79EFBC}") = "Rip.Core", "src\Rip.Core\Rip.Core.csproj", "{BB6B4B2C-6EA3-4F58-BCC6-1A3F163E0A11}"
EndProject
Project("{FAE04EC0-301F-11D3-BF4B-00C04F79EFBC}") = "Rip.Core.Tests", "tests\Rip.Core.Tests\Rip.Core.Tests.csproj", "{EA69C4CF-4FEA-4D03-B816-8EA3D83F0F7A}"
EndProject
Project("{2150E333-8FDC-42A3-9474-1A3956D46DE8}") = "src", "src", "{827E0CD3-B72D-47B6-A68D-7590B98EB39B}"
EndProject
Project("{FAE04EC0-301F-11D3-BF4B-00C04F79EFBC}") = "Rip.Infrastructure", "src\Rip.Infrastructure\Rip.Infrastructure.csproj", "{9CD2800A-C288-427E-9155-211E0A1D8212}"
EndProject
Project("{2150E333-8FDC-42A3-9474-1A3956D46DE8}") = "tests", "tests", "{0AB3BF05-4346-4AA6-1389-037BE0695223}"
EndProject
Project("{FAE04EC0-301F-11D3-BF4B-00C04F79EFBC}") = "Rip.Infrastructure.Tests", "tests\Rip.Infrastructure.Tests\Rip.Infrastructure.Tests.csproj", "{E437E273-8481-4FF8-8B95-0B90940BCFA3}"
EndProject
Project("{FAE04EC0-301F-11D3-BF4B-00C04F79EFBC}") = "Rip.App", "src\Rip.App\Rip.App.csproj", "{D5A8DF8E-4A39-4ED1-BE0F-8F1D04D44E6C}"
EndProject
Project("{FAE04EC0-301F-11D3-BF4B-00C04F79EFBC}") = "Rip.App.Tests", "tests\Rip.App.Tests\Rip.App.Tests.csproj", "{6C4DB4D2-1E75-4B50-AB2A-A6A6B7F1E83D}"
EndProject
Global
	GlobalSection(SolutionConfigurationPlatforms) = preSolution
		Debug|Any CPU = Debug|Any CPU
		Debug|x64 = Debug|x64
		Debug|x86 = Debug|x86
		Release|Any CPU = Release|Any CPU
		Release|x64 = Release|x64
		Release|x86 = Release|x86
	EndGlobalSection
	GlobalSection(ProjectConfigurationPlatforms) = postSolution
		{BB6B4B2C-6EA3-4F58-BCC6-1A3F163E0A11}.Debug|Any CPU.ActiveCfg = Debug|Any CPU
		{BB6B4B2C-6EA3-4F58-BCC6-1A3F163E0A11}.Debug|Any CPU.Build.0 = Debug|Any CPU
		{BB6B4B2C-6EA3-4F58-BCC6-1A3F163E0A11}.Debug|x64.ActiveCfg = Debug|Any CPU
		{BB6B4B2C-6EA3-4F58-BCC6-1A3F163E0A11}.Debug|x64.Build.0 = Debug|Any CPU
		{BB6B4B2C-6EA3-4F58-BCC6-1A3F163E0A11}.Debug|x86.ActiveCfg = Debug|Any CPU
		{BB6B4B2C-6EA3-4F58-BCC6-1A3F163E0A11}.Debug|x86.Build.0 = Debug|Any CPU
		{BB6B4B2C-6EA3-4F58-BCC6-1A3F163E0A11}.Release|Any CPU.ActiveCfg = Release|Any CPU
		{BB6B4B2C-6EA3-4F58-BCC6-1A3F163E0A11}.Release|Any CPU.Build.0 = Release|Any CPU
		{BB6B4B2C-6EA3-4F58-BCC6-1A3F163E0A11}.Release|x64.ActiveCfg = Release|Any CPU
		{BB6B4B2C-6EA3-4F58-BCC6-1A3F163E0A11}.Release|x64.Build.0 = Release|Any CPU
		{BB6B4B2C-6EA3-4F58-BCC6-1A3F163E0A11}.Release|x86.ActiveCfg = Release|Any CPU
		{BB6B4B2C-6EA3-4F58-BCC6-1A3F163E0A11}.Release|x86.Build.0 = Release|Any CPU
		{EA69C4CF-4FEA-4D03-B816-8EA3D83F0F7A}.Debug|Any CPU.ActiveCfg = Debug|Any CPU
		{EA69C4CF-4FEA-4D03-B816-8EA3D83F0F7A}.Debug|Any CPU.Build.0 = Debug|Any CPU
		{EA69C4CF-4FEA-4D03-B816-8EA3D83F0F7A}.Debug|x64.ActiveCfg = Debug|Any CPU
		{EA69C4CF-4FEA-4D03-B816-8EA3D83F0F7A}.Debug|x64.Build.0 = Debug|Any CPU
		{EA69C4CF-4FEA-4D03-B816-8EA3D83F0F7A}.Debug|x86.ActiveCfg = Debug|Any CPU
		{EA69C4CF-4FEA-4D03-B816-8EA3D83F0F7A}.Debug|x86.Build.0 = Debug|Any CPU
		{EA69C4CF-4FEA-4D03-B816-8EA3D83F0F7A}.Release|Any CPU.ActiveCfg = Release|Any CPU
		{EA69C4CF-4FEA-4D03-B816-8EA3D83F0F7A}.Release|Any CPU.Build.0 = Release|Any CPU
		{EA69C4CF-4FEA-4D03-B816-8EA3D83F0F7A}.Release|x64.ActiveCfg = Release|Any CPU
		{EA69C4CF-4FEA-4D03-B816-8EA3D83F0F7A}.Release|x64.Build.0 = Release|Any CPU
		{EA69C4CF-4FEA-4D03-B816-8EA3D83F0F7A}.Release|x86.ActiveCfg = Release|Any CPU
		{EA69C4CF-4FEA-4D03-B816-8EA3D83F0F7A}.Release|x86.Build.0 = Release|Any CPU
		{9CD2800A-C288-427E-9155-211E0A1D8212}.Debug|Any CPU.ActiveCfg = Debug|Any CPU
		{9CD2800A-C288-427E-9155-211E0A1D8212}.Debug|Any CPU.Build.0 = Debug|Any CPU
		{9CD2800A-C288-427E-9155-211E0A1D8212}.Debug|x64.ActiveCfg = Debug|Any CPU
		{9CD2800A-C288-427E-9155-211E0A1D8212}.Debug|x64.Build.0 = Debug|Any CPU
		{9CD2800A-C288-427E-9155-211E0A1D8212}.Debug|x86.ActiveCfg = Debug|Any CPU
		{9CD2800A-C288-427E-9155-211E0A1D8212}.Debug|x86.Build.0 = Debug|Any CPU
		{9CD2800A-C288-427E-9155-211E0A1D8212}.Release|Any CPU.ActiveCfg = Release|Any CPU
		{9CD2800A-C288-427E-9155-211E0A1D8212}.Release|Any CPU.Build.0 = Release|Any CPU
		{9CD2800A-C288-427E-9155-211E0A1D8212}.Release|x64.ActiveCfg = Release|Any CPU
		{9CD2800A-C288-427E-9155-211E0A1D8212}.Release|x64.Build.0 = Release|Any CPU
		{9CD2800A-C288-427E-9155-211E0A1D8212}.Release|x86.ActiveCfg = Release|Any CPU
		{9CD2800A-C288-427E-9155-211E0A1D8212}.Release|x86.Build.0 = Release|Any CPU
		{E437E273-8481-4FF8-8B95-0B90940BCFA3}.Debug|Any CPU.ActiveCfg = Debug|Any CPU
		{E437E273-8481-4FF8-8B95-0B90940BCFA3}.Debug|Any CPU.Build.0 = Debug|Any CPU
		{E437E273-8481-4FF8-8B95-0B90940BCFA3}.Debug|x64.ActiveCfg = Debug|Any CPU
		{E437E273-8481-4FF8-8B95-0B90940BCFA3}.Debug|x64.Build.0 = Debug|Any CPU
		{E437E273-8481-4FF8-8B95-0B90940BCFA3}.Debug|x86.ActiveCfg = Debug|Any CPU
		{E437E273-8481-4FF8-8B95-0B90940BCFA3}.Debug|x86.Build.0 = Debug|Any CPU
		{E437E273-8481-4FF8-8B95-0B90940BCFA3}.Release|Any CPU.ActiveCfg = Release|Any CPU
		{E437E273-8481-4FF8-8B95-0B90940BCFA3}.Release|Any CPU.Build.0 = Release|Any CPU
		{E437E273-8481-4FF8-8B95-0B90940BCFA3}.Release|x64.ActiveCfg = Release|Any CPU
		{E437E273-8481-4FF8-8B95-0B90940BCFA3}.Release|x64.Build.0 = Release|Any CPU
		{E437E273-8481-4FF8-8B95-0B90940BCFA3}.Release|x86.ActiveCfg = Release|Any CPU
		{E437E273-8481-4FF8-8B95-0B90940BCFA3}.Release|x86.Build.0 = Release|Any CPU
		{D5A8DF8E-4A39-4ED1-BE0F-8F1D04D44E6C}.Debug|Any CPU.ActiveCfg = Debug|Any CPU
		{D5A8DF8E-4A39-4ED1-BE0F-8F1D04D44E6C}.Debug|Any CPU.Build.0 = Debug|Any CPU
		{D5A8DF8E-4A39-4ED1-BE0F-8F1D04D44E6C}.Debug|x64.ActiveCfg = Debug|Any CPU
		{D5A8DF8E-4A39-4ED1-BE0F-8F1D04D44E6C}.Debug|x64.Build.0 = Debug|Any CPU
		{D5A8DF8E-4A39-4ED1-BE0F-8F1D04D44E6C}.Debug|x86.ActiveCfg = Debug|Any CPU
		{D5A8DF8E-4A39-4ED1-BE0F-8F1D04D44E6C}.Debug|x86.Build.0 = Debug|Any CPU
		{D5A8DF8E-4A39-4ED1-BE0F-8F1D04D44E6C}.Release|Any CPU.ActiveCfg = Release|Any CPU
		{D5A8DF8E-4A39-4ED1-BE0F-8F1D04D44E6C}.Release|Any CPU.Build.0 = Release|Any CPU
		{D5A8DF8E-4A39-4ED1-BE0F-8F1D04D44E6C}.Release|x64.ActiveCfg = Release|Any CPU
		{D5A8DF8E-4A39-4ED1-BE0F-8F1D04D44E6C}.Release|x64.Build.0 = Release|Any CPU
		{D5A8DF8E-4A39-4ED1-BE0F-8F1D04D44E6C}.Release|x86.ActiveCfg = Release|Any CPU
		{D5A8DF8E-4A39-4ED1-BE0F-8F1D04D44E6C}.Release|x86.Build.0 = Release|Any CPU
		{6C4DB4D2-1E75-4B50-AB2A-A6A6B7F1E83D}.Debug|Any CPU.ActiveCfg = Debug|Any CPU
		{6C4DB4D2-1E75-4B50-AB2A-A6A6B7F1E83D}.Debug|Any CPU.Build.0 = Debug|Any CPU
		{6C4DB4D2-1E75-4B50-AB2A-A6A6B7F1E83D}.Debug|x64.ActiveCfg = Debug|Any CPU
		{6C4DB4D2-1E75-4B50-AB2A-A6A6B7F1E83D}.Debug|x64.Build.0 = Debug|Any CPU
		{6C4DB4D2-1E75-4B50-AB2A-A6A6B7F1E83D}.Debug|x86.ActiveCfg = Debug|Any CPU
		{6C4DB4D2-1E75-4B50-AB2A-A6A6B7F1E83D}.Debug|x86.Build.0 = Debug|Any CPU
		{6C4DB4D2-1E75-4B50-AB2A-A6A6B7F1E83D}.Release|Any CPU.ActiveCfg = Release|Any CPU
		{6C4DB4D2-1E75-4B50-AB2A-A6A6B7F1E83D}.Release|Any CPU.Build.0 = Release|Any CPU
		{6C4DB4D2-1E75-4B50-AB2A-A6A6B7F1E83D}.Release|x64.ActiveCfg = Release|Any CPU
		{6C4DB4D2-1E75-4B50-AB2A-A6A6B7F1E83D}.Release|x64.Build.0 = Release|Any CPU
		{6C4DB4D2-1E75-4B50-AB2A-A6A6B7F1E83D}.Release|x86.ActiveCfg = Release|Any CPU
		{6C4DB4D2-1E75-4B50-AB2A-A6A6B7F1E83D}.Release|x86.Build.0 = Release|Any CPU
	EndGlobalSection
	GlobalSection(SolutionProperties) = preSolution
		HideSolutionNode = FALSE
	EndGlobalSection
	GlobalSection(NestedProjects) = preSolution
		{9CD2800A-C288-427E-9155-211E0A1D8212} = {827E0CD3-B72D-47B6-A68D-7590B98EB39B}
		{E437E273-8481-4FF8-8B95-0B90940BCFA3} = {0AB3BF05-4346-4AA6-1389-037BE0695223}
		{D5A8DF8E-4A39-4ED1-BE0F-8F1D04D44E6C} = {827E0CD3-B72D-47B6-A68D-7590B98EB39B}
		{6C4DB4D2-1E75-4B50-AB2A-A6A6B7F1E83D} = {0AB3BF05-4346-4AA6-1389-037BE0695223}
	EndGlobalSection
EndGlobal
